# This file is automatically @generated by Cargo.
# It is not intended for manual editing.
version = 4

[[package]]
name = "openauth"
version = "0.0.1"

[[package]]
name = "openauth-core"
version = "0.0.1"

[[package]]
name = "openauth-i18n"
version = "0.0.1"

[[package]]
name = "openauth-oauth"
version = "0.0.1"

[[package]]
name = "openauth-scim"
version = "0.0.1"

[[package]]
name = "openauth-sso"
version = "0.0.1"

[[package]]
name = "openauth-stripe"
version = "0.0.1"

[[package]]
name = "openauth-telemetry"
version = "0.0.1"
